
Microsoft Visual Studio Solution File, Format Version 12.00
# Visual Studio 14
VisualStudioVersion = 14.0.25420.1
MinimumVisualStudioVersion = 10.0.40219.1
Project("{FAE04EC0-301F-11D3-BF4B-00C04F79EFBC}") = "Cadastro", "Cadastro\Cadastro\Cadastro.csproj", "{9B1EA904-D96B-4532-A12A-5C45886BFCEB}"
EndProject
Project("{FAE04EC0-301F-11D3-BF4B-00C04F79EFBC}") = "Cadastro.Droid", "Cadastro\Cadastro.Droid\Cadastro.Droid.csproj", "{27CD697D-1B18-4128-87BD-62E51CEE94F5}"
EndProject
Project("{FAE04EC0-301F-11D3-BF4B-00C04F79EFBC}") = "Cadastro.iOS", "Cadastro\Cadastro.iOS\Cadastro.iOS.csproj", "{72469CBC-99D8-4C02-A041-3ABDCEBBFF03}"
EndProject
Project("{FAE04EC0-301F-11D3-BF4B-00C04F79EFBC}") = "Cadastro.WinPhone", "Cadastro\Cadastro.WinPhone\Cadastro.WinPhone.csproj", "{E06F9DC2-F3D1-44FB-9B53-2CBEFE86DFA6}"
EndProject
Project("{FAE04EC0-301F-11D3-BF4B-00C04F79EFBC}") = "Cadastro.UWP", "Cadastro\Cadastro.UWP\Cadastro.UWP.csproj", "{0E7192DF-6061-43A6-BD7E-141F33469A58}"
EndProject
Project("{FAE04EC0-301F-11D3-BF4B-00C04F79EFBC}") = "Cadastro.Windows", "Cadastro\Cadastro.Windows\Cadastro.Windows.csproj", "{4F26262C-C9B3-466F-B92D-AE215143ADEE}"
EndProject
Global
	GlobalSection(SolutionConfigurationPlatforms) = preSolution
		Ad-Hoc|Any CPU = Ad-Hoc|Any CPU
		Ad-Hoc|ARM = Ad-Hoc|ARM
		Ad-Hoc|iPhone = Ad-Hoc|iPhone
		Ad-Hoc|iPhoneSimulator = Ad-Hoc|iPhoneSimulator
		Ad-Hoc|x64 = Ad-Hoc|x64
		Ad-Hoc|x86 = Ad-Hoc|x86
		AppStore|Any CPU = AppStore|Any CPU
		AppStore|ARM = AppStore|ARM
		AppStore|iPhone = AppStore|iPhone
		AppStore|iPhoneSimulator = AppStore|iPhoneSimulator
		AppStore|x64 = AppStore|x64
		AppStore|x86 = AppStore|x86
		Debug|Any CPU = Debug|Any CPU
		Debug|ARM = Debug|ARM
		Debug|iPhone = Debug|iPhone
		Debug|iPhoneSimulator = Debug|iPhoneSimulator
		Debug|x64 = Debug|x64
		Debug|x86 = Debug|x86
		Release|Any CPU = Release|Any CPU
		Release|ARM = Release|ARM
		Release|iPhone = Release|iPhone
		Release|iPhoneSimulator = Release|iPhoneSimulator
		Release|x64 = Release|x64
		Release|x86 = Release|x86
	EndGlobalSection
	GlobalSection(ProjectConfigurationPlatforms) = postSolution
		{9B1EA904-D96B-4532-A12A-5C45886BFCEB}.Ad-Hoc|Any CPU.ActiveCfg = Release|Any CPU
		{9B1EA904-D96B-4532-A12A-5C45886BFCEB}.Ad-Hoc|Any CPU.Build.0 = Release|Any CPU
		{9B1EA904-D96B-4532-A12A-5C45886BFCEB}.Ad-Hoc|ARM.ActiveCfg = Release|Any CPU
		{9B1EA904-D96B-4532-A12A-5C45886BFCEB}.Ad-Hoc|ARM.Build.0 = Release|Any CPU
		{9B1EA904-D96B-4532-A12A-5C45886BFCEB}.Ad-Hoc|iPhone.ActiveCfg = Release|Any CPU
		{9B1EA904-D96B-4532-A12A-5C45886BFCEB}.Ad-Hoc|iPhone.Build.0 = Release|Any CPU
		{9B1EA904-D96B-4532-A12A-5C45886BFCEB}.Ad-Hoc|iPhoneSimulator.ActiveCfg = Release|Any CPU
		{9B1EA904-D96B-4532-A12A-5C45886BFCEB}.Ad-Hoc|iPhoneSimulator.Build.0 = Release|Any CPU
		{9B1EA904-D96B-4532-A12A-5C45886BFCEB}.Ad-Hoc|x64.ActiveCfg = Release|Any CPU
		{9B1EA904-D96B-4532-A12A-5C45886BFCEB}.Ad-Hoc|x64.Build.0 = Release|Any CPU
		{9B1EA904-D96B-4532-A12A-5C45886BFCEB}.Ad-Hoc|x86.ActiveCfg = Release|Any CPU
		{9B1EA904-D96B-4532-A12A-5C45886BFCEB}.Ad-Hoc|x86.Build.0 = Release|Any CPU
		{9B1EA904-D96B-4532-A12A-5C45886BFCEB}.AppStore|Any CPU.ActiveCfg = Release|Any CPU
		{9B1EA904-D96B-4532-A12A-5C45886BFCEB}.AppStore|Any CPU.Build.0 = Release|Any CPU
		{9B1EA904-D96B-4532-A12A-5C45886BFCEB}.AppStore|ARM.ActiveCfg = Release|Any CPU
		{9B1EA904-D96B-4532-A12A-5C45886BFCEB}.AppStore|ARM.Build.0 = Release|Any CPU
		{9B1EA904-D96B-4532-A12A-5C45886BFCEB}.AppStore|iPhone.ActiveCfg = Release|Any CPU
		{9B1EA904-D96B-4532-A12A-5C45886BFCEB}.AppStore|iPhone.Build.0 = Release|Any CPU
		{9B1EA904-D96B-4532-A12A-5C45886BFCEB}.AppStore|iPhoneSimulator.ActiveCfg = Release|Any CPU
		{9B1EA904-D96B-4532-A12A-5C45886BFCEB}.AppStore|iPhoneSimulator.Build.0 = Release|Any CPU
		{9B1EA904-D96B-4532-A12A-5C45886BFCEB}.AppStore|x64.ActiveCfg = Release|Any CPU
		{9B1EA904-D96B-4532-A12A-5C45886BFCEB}.AppStore|x64.Build.0 = Release|Any CPU
		{9B1EA904-D96B-4532-A12A-5C45886BFCEB}.AppStore|x86.ActiveCfg = Release|Any CPU
		{9B1EA904-D96B-4532-A12A-5C45886BFCEB}.AppStore|x86.Build.0 = Release|Any CPU
		{9B1EA904-D96B-4532-A12A-5C45886BFCEB}.Debug|Any CPU.ActiveCfg = Debug|Any CPU
		{9B1EA904-D96B-4532-A12A-5C45886BFCEB}.Debug|Any CPU.Build.0 = Debug|Any CPU
		{9B1EA904-D96B-4532-A12A-5C45886BFCEB}.Debug|ARM.ActiveCfg = Debug|Any CPU
		{9B1EA904-D96B-4532-A12A-5C45886BFCEB}.Debug|ARM.Build.0 = Debug|Any CPU
		{9B1EA904-D96B-4532-A12A-5C45886BFCEB}.Debug|iPhone.ActiveCfg = Debug|Any CPU
		{9B1EA904-D96B-4532-A12A-5C45886BFCEB}.Debug|iPhone.Build.0 = Debug|Any CPU
		{9B1EA904-D96B-4532-A12A-5C45886BFCEB}.Debug|iPhoneSimulator.ActiveCfg = Debug|Any CPU
		{9B1EA904-D96B-4532-A12A-5C45886BFCEB}.Debug|iPhoneSimulator.Build.0 = Debug|Any CPU
		{9B1EA904-D96B-4532-A12A-5C45886BFCEB}.Debug|x64.ActiveCfg = Debug|Any CPU
		{9B1EA904-D96B-4532-A12A-5C45886BFCEB}.Debug|x64.Build.0 = Debug|Any CPU
		{9B1EA904-D96B-4532-A12A-5C45886BFCEB}.Debug|x86.ActiveCfg = Debug|Any CPU
		{9B1EA904-D96B-4532-A12A-5C45886BFCEB}.Debug|x86.Build.0 = Debug|Any CPU
		{9B1EA904-D96B-4532-A12A-5C45886BFCEB}.Release|Any CPU.ActiveCfg = Release|Any CPU
		{9B1EA904-D96B-4532-A12A-5C45886BFCEB}.Release|Any CPU.Build.0 = Release|Any CPU
		{9B1EA904-D96B-4532-A12A-5C45886BFCEB}.Release|ARM.ActiveCfg = Release|Any CPU
		{9B1EA904-D96B-4532-A12A-5C45886BFCEB}.Release|ARM.Build.0 = Release|Any CPU
		{9B1EA904-D96B-4532-A12A-5C45886BFCEB}.Release|iPhone.ActiveCfg = Release|Any CPU
		{9B1EA904-D96B-4532-A12A-5C45886BFCEB}.Release|iPhone.Build.0 = Release|Any CPU
		{9B1EA904-D96B-4532-A12A-5C45886BFCEB}.Release|iPhoneSimulator.ActiveCfg = Release|Any CPU
		{9B1EA904-D96B-4532-A12A-5C45886BFCEB}.Release|iPhoneSimulator.Build.0 = Release|Any CPU
		{9B1EA904-D96B-4532-A12A-5C45886BFCEB}.Release|x64.ActiveCfg = Release|Any CPU
		{9B1EA904-D96B-4532-A12A-5C45886BFCEB}.Release|x64.Build.0 = Release|Any CPU
		{9B1EA904-D96B-4532-A12A-5C45886BFCEB}.Release|x86.ActiveCfg = Release|Any CPU
		{9B1EA904-D96B-4532-A12A-5C45886BFCEB}.Release|x86.Build.0 = Release|Any CPU
		{27CD697D-1B18-4128-87BD-62E51CEE94F5}.Ad-Hoc|Any CPU.ActiveCfg = Release|Any CPU
		{27CD697D-1B18-4128-87BD-62E51CEE94F5}.Ad-Hoc|Any CPU.Build.0 = Release|Any CPU
		{27CD697D-1B18-4128-87BD-62E51CEE94F5}.Ad-Hoc|Any CPU.Deploy.0 = Release|Any CPU
		{27CD697D-1B18-4128-87BD-62E51CEE94F5}.Ad-Hoc|ARM.ActiveCfg = Release|Any CPU
		{27CD697D-1B18-4128-87BD-62E51CEE94F5}.Ad-Hoc|ARM.Build.0 = Release|Any CPU
		{27CD697D-1B18-4128-87BD-62E51CEE94F5}.Ad-Hoc|ARM.Deploy.0 = Release|Any CPU
		{27CD697D-1B18-4128-87BD-62E51CEE94F5}.Ad-Hoc|iPhone.ActiveCfg = Release|Any CPU
		{27CD697D-1B18-4128-87BD-62E51CEE94F5}.Ad-Hoc|iPhone.Build.0 = Release|Any CPU
		{27CD697D-1B18-4128-87BD-62E51CEE94F5}.Ad-Hoc|iPhone.Deploy.0 = Release|Any CPU
		{27CD697D-1B18-4128-87BD-62E51CEE94F5}.Ad-Hoc|iPhoneSimulator.ActiveCfg = Release|Any CPU
		{27CD697D-1B18-4128-87BD-62E51CEE94F5}.Ad-Hoc|iPhoneSimulator.Build.0 = Release|Any CPU
		{27CD697D-1B18-4128-87BD-62E51CEE94F5}.Ad-Hoc|iPhoneSimulator.Deploy.0 = Release|Any CPU
		{27CD697D-1B18-4128-87BD-62E51CEE94F5}.Ad-Hoc|x64.ActiveCfg = Release|Any CPU
		{27CD697D-1B18-4128-87BD-62E51CEE94F5}.Ad-Hoc|x64.Build.0 = Release|Any CPU
		{27CD697D-1B18-4128-87BD-62E51CEE94F5}.Ad-Hoc|x64.Deploy.0 = Release|Any CPU
		{27CD697D-1B18-4128-87BD-62E51CEE94F5}.Ad-Hoc|x86.ActiveCfg = Release|Any CPU
		{27CD697D-1B18-4128-87BD-62E51CEE94F5}.Ad-Hoc|x86.Build.0 = Release|Any CPU
		{27CD697D-1B18-4128-87BD-62E51CEE94F5}.Ad-Hoc|x86.Deploy.0 = Release|Any CPU
		{27CD697D-1B18-4128-87BD-62E51CEE94F5}.AppStore|Any CPU.ActiveCfg = Release|Any CPU
		{27CD697D-1B18-4128-87BD-62E51CEE94F5}.AppStore|Any CPU.Build.0 = Release|Any CPU
		{27CD697D-1B18-4128-87BD-62E51CEE94F5}.AppStore|Any CPU.Deploy.0 = Release|Any CPU
		{27CD697D-1B18-4128-87BD-62E51CEE94F5}.AppStore|ARM.ActiveCfg = Release|Any CPU
		{27CD697D-1B18-4128-87BD-62E51CEE94F5}.AppStore|ARM.Build.0 = Release|Any CPU
		{27CD697D-1B18-4128-87BD-62E51CEE94F5}.AppStore|ARM.Deploy.0 = Release|Any CPU
		{27CD697D-1B18-4128-87BD-62E51CEE94F5}.AppStore|iPhone.ActiveCfg = Release|Any CPU
		{27CD697D-1B18-4128-87BD-62E51CEE94F5}.AppStore|iPhone.Build.0 = Release|Any CPU
		{27CD697D-1B18-4128-87BD-62E51CEE94F5}.AppStore|iPhone.Deploy.0 = Release|Any CPU
		{27CD697D-1B18-4128-87BD-62E51CEE94F5}.AppStore|iPhoneSimulator.ActiveCfg = Release|Any CPU
		{27CD697D-1B18-4128-87BD-62E51CEE94F5}.AppStore|iPhoneSimulator.Build.0 = Release|Any CPU
		{27CD697D-1B18-4128-87BD-62E51CEE94F5}.AppStore|iPhoneSimulator.Deploy.0 = Release|Any CPU
		{27CD697D-1B18-4128-87BD-62E51CEE94F5}.AppStore|x64.ActiveCfg = Release|Any CPU
		{27CD697D-1B18-4128-87BD-62E51CEE94F5}.AppStore|x64.Build.0 = Release|Any CPU
		{27CD697D-1B18-4128-87BD-62E51CEE94F5}.AppStore|x64.Deploy.0 = Release|Any CPU
		{27CD697D-1B18-4128-87BD-62E51CEE94F5}.AppStore|x86.ActiveCfg = Release|Any CPU
		{27CD697D-1B18-4128-87BD-62E51CEE94F5}.AppStore|x86.Build.0 = Release|Any CPU
		{27CD697D-1B18-4128-87BD-62E51CEE94F5}.AppStore|x86.Deploy.0 = Release|Any CPU
		{27CD697D-1B18-4128-87BD-62E51CEE94F5}.Debug|Any CPU.ActiveCfg = Debug|Any CPU
		{27CD697D-1B18-4128-87BD-62E51CEE94F5}.Debug|Any CPU.Build.0 = Debug|Any CPU
		{27CD697D-1B18-4128-87BD-62E51CEE94F5}.Debug|Any CPU.Deploy.0 = Debug|Any CPU
		{27CD697D-1B18-4128-87BD-62E51CEE94F5}.Debug|ARM.ActiveCfg = Debug|Any CPU
		{27CD697D-1B18-4128-87BD-62E51CEE94F5}.Debug|ARM.Build.0 = Debug|Any CPU
		{27CD697D-1B18-4128-87BD-62E51CEE94F5}.Debug|ARM.Deploy.0 = Debug|Any CPU
		{27CD697D-1B18-4128-87BD-62E51CEE94F5}.Debug|iPhone.ActiveCfg = Debug|Any CPU
		{27CD697D-1B18-4128-87BD-62E51CEE94F5}.Debug|iPhone.Build.0 = Debug|Any CPU
		{27CD697D-1B18-4128-87BD-62E51CEE94F5}.Debug|iPhone.Deploy.0 = Debug|Any CPU
		{27CD697D-1B18-4128-87BD-62E51CEE94F5}.Debug|iPhoneSimulator.ActiveCfg = Debug|Any CPU
		{27CD697D-1B18-4128-87BD-62E51CEE94F5}.Debug|iPhoneSimulator.Build.0 = Debug|Any CPU
		{27CD697D-1B18-4128-87BD-62E51CEE94F5}.Debug|iPhoneSimulator.Deploy.0 = Debug|Any CPU
		{27CD697D-1B18-4128-87BD-62E51CEE94F5}.Debug|x64.ActiveCfg = Debug|Any CPU
		{27CD697D-1B18-4128-87BD-62E51CEE94F5}.Debug|x64.Build.0 = Debug|Any CPU
		{27CD697D-1B18-4128-87BD-62E51CEE94F5}.Debug|x64.Deploy.0 = Debug|Any CPU
		{27CD697D-1B18-4128-87BD-62E51CEE94F5}.Debug|x86.ActiveCfg = Debug|Any CPU
		{27CD697D-1B18-4128-87BD-62E51CEE94F5}.Debug|x86.Build.0 = Debug|Any CPU
		{27CD697D-1B18-4128-87BD-62E51CEE94F5}.Debug|x86.Deploy.0 = Debug|Any CPU
		{27CD697D-1B18-4128-87BD-62E51CEE94F5}.Release|Any CPU.ActiveCfg = Release|Any CPU
		{27CD697D-1B18-4128-87BD-62E51CEE94F5}.Release|Any CPU.Build.0 = Release|Any CPU
		{27CD697D-1B18-4128-87BD-62E51CEE94F5}.Release|Any CPU.Deploy.0 = Release|Any CPU
		{27CD697D-1B18-4128-87BD-62E51CEE94F5}.Release|ARM.ActiveCfg = Release|Any CPU
		{27CD697D-1B18-4128-87BD-62E51CEE94F5}.Release|ARM.Build.0 = Release|Any CPU
		{27CD697D-1B18-4128-87BD-62E51CEE94F5}.Release|ARM.Deploy.0 = Release|Any CPU
		{27CD697D-1B18-4128-87BD-62E51CEE94F5}.Release|iPhone.ActiveCfg = Release|Any CPU
		{27CD697D-1B18-4128-87BD-62E51CEE94F5}.Release|iPhone.Build.0 = Release|Any CPU
		{27CD697D-1B18-4128-87BD-62E51CEE94F5}.Release|iPhone.Deploy.0 = Release|Any CPU
		{27CD697D-1B18-4128-87BD-62E51CEE94F5}.Release|iPhoneSimulator.ActiveCfg = Release|Any CPU
		{27CD697D-1B18-4128-87BD-62E51CEE94F5}.Release|iPhoneSimulator.Build.0 = Release|Any CPU
		{27CD697D-1B18-4128-87BD-62E51CEE94F5}.Release|iPhoneSimulator.Deploy.0 = Release|Any CPU
		{27CD697D-1B18-4128-87BD-62E51CEE94F5}.Release|x64.ActiveCfg = Release|Any CPU
		{27CD697D-1B18-4128-87BD-62E51CEE94F5}.Release|x64.Build.0 = Release|Any CPU
		{27CD697D-1B18-4128-87BD-62E51CEE94F5}.Release|x64.Deploy.0 = Release|Any CPU
		{27CD697D-1B18-4128-87BD-62E51CEE94F5}.Release|x86.ActiveCfg = Release|Any CPU
		{27CD697D-1B18-4128-87BD-62E51CEE94F5}.Release|x86.Build.0 = Release|Any CPU
		{27CD697D-1B18-4128-87BD-62E51CEE94F5}.Release|x86.Deploy.0 = Release|Any CPU
		{72469CBC-99D8-4C02-A041-3ABDCEBBFF03}.Ad-Hoc|Any CPU.ActiveCfg = Ad-Hoc|iPhone
		{72469CBC-99D8-4C02-A041-3ABDCEBBFF03}.Ad-Hoc|ARM.ActiveCfg = Ad-Hoc|iPhone
		{72469CBC-99D8-4C02-A041-3ABDCEBBFF03}.Ad-Hoc|iPhone.ActiveCfg = Ad-Hoc|iPhone
		{72469CBC-99D8-4C02-A041-3ABDCEBBFF03}.Ad-Hoc|iPhone.Build.0 = Ad-Hoc|iPhone
		{72469CBC-99D8-4C02-A041-3ABDCEBBFF03}.Ad-Hoc|iPhoneSimulator.ActiveCfg = Ad-Hoc|iPhoneSimulator
		{72469CBC-99D8-4C02-A041-3ABDCEBBFF03}.Ad-Hoc|iPhoneSimulator.Build.0 = Ad-Hoc|iPhoneSimulator
		{72469CBC-99D8-4C02-A041-3ABDCEBBFF03}.Ad-Hoc|x64.ActiveCfg = Ad-Hoc|iPhone
		{72469CBC-99D8-4C02-A041-3ABDCEBBFF03}.Ad-Hoc|x86.ActiveCfg = Ad-Hoc|iPhone
		{72469CBC-99D8-4C02-A041-3ABDCEBBFF03}.AppStore|Any CPU.ActiveCfg = AppStore|iPhone
		{72469CBC-99D8-4C02-A041-3ABDCEBBFF03}.AppStore|ARM.ActiveCfg = AppStore|iPhone
		{72469CBC-99D8-4C02-A041-3ABDCEBBFF03}.AppStore|iPhone.ActiveCfg = AppStore|iPhone
		{72469CBC-99D8-4C02-A041-3ABDCEBBFF03}.AppStore|iPhone.Build.0 = AppStore|iPhone
		{72469CBC-99D8-4C02-A041-3ABDCEBBFF03}.AppStore|iPhoneSimulator.ActiveCfg = AppStore|iPhoneSimulator
		{72469CBC-99D8-4C02-A041-3ABDCEBBFF03}.AppStore|iPhoneSimulator.Build.0 = AppStore|iPhoneSimulator
		{72469CBC-99D8-4C02-A041-3ABDCEBBFF03}.AppStore|x64.ActiveCfg = AppStore|iPhone
		{72469CBC-99D8-4C02-A041-3ABDCEBBFF03}.AppStore|x86.ActiveCfg = AppStore|iPhone
		{72469CBC-99D8-4C02-A041-3ABDCEBBFF03}.Debug|Any CPU.ActiveCfg = Debug|iPhone
		{72469CBC-99D8-4C02-A041-3ABDCEBBFF03}.Debug|ARM.ActiveCfg = Debug|iPhone
		{72469CBC-99D8-4C02-A041-3ABDCEBBFF03}.Debug|iPhone.ActiveCfg = Debug|iPhone
		{72469CBC-99D8-4C02-A041-3ABDCEBBFF03}.Debug|iPhone.Build.0 = Debug|iPhone
		{72469CBC-99D8-4C02-A041-3ABDCEBBFF03}.Debug|iPhoneSimulator.ActiveCfg = Debug|iPhoneSimulator
		{72469CBC-99D8-4C02-A041-3ABDCEBBFF03}.Debug|iPhoneSimulator.Build.0 = Debug|iPhoneSimulator
		{72469CBC-99D8-4C02-A041-3ABDCEBBFF03}.Debug|x64.ActiveCfg = Debug|iPhone
		{72469CBC-99D8-4C02-A041-3ABDCEBBFF03}.Debug|x86.ActiveCfg = Debug|iPhone
		{72469CBC-99D8-4C02-A041-3ABDCEBBFF03}.Release|Any CPU.ActiveCfg = Release|iPhone
		{72469CBC-99D8-4C02-A041-3ABDCEBBFF03}.Release|ARM.ActiveCfg = Release|iPhone
		{72469CBC-99D8-4C02-A041-3ABDCEBBFF03}.Release|iPhone.ActiveCfg = Release|iPhone
		{72469CBC-99D8-4C02-A041-3ABDCEBBFF03}.Release|iPhone.Build.0 = Release|iPhone
		{72469CBC-99D8-4C02-A041-3ABDCEBBFF03}.Release|iPhoneSimulator.ActiveCfg = Release|iPhoneSimulator
		{72469CBC-99D8-4C02-A041-3ABDCEBBFF03}.Release|iPhoneSimulator.Build.0 = Release|iPhoneSimulator
		{72469CBC-99D8-4C02-A041-3ABDCEBBFF03}.Release|x64.ActiveCfg = Release|iPhone
		{72469CBC-99D8-4C02-A041-3ABDCEBBFF03}.Release|x86.ActiveCfg = Release|iPhone
		{E06F9DC2-F3D1-44FB-9B53-2CBEFE86DFA6}.Ad-Hoc|Any CPU.ActiveCfg = Release|Any CPU
		{E06F9DC2-F3D1-44FB-9B53-2CBEFE86DFA6}.Ad-Hoc|Any CPU.Build.0 = Release|Any CPU
		{E06F9DC2-F3D1-44FB-9B53-2CBEFE86DFA6}.Ad-Hoc|Any CPU.Deploy.0 = Release|Any CPU
		{E06F9DC2-F3D1-44FB-9B53-2CBEFE86DFA6}.Ad-Hoc|ARM.ActiveCfg = Release|ARM
		{E06F9DC2-F3D1-44FB-9B53-2CBEFE86DFA6}.Ad-Hoc|ARM.Build.0 = Release|ARM
		{E06F9DC2-F3D1-44FB-9B53-2CBEFE86DFA6}.Ad-Hoc|ARM.Deploy.0 = Release|ARM
		{E06F9DC2-F3D1-44FB-9B53-2CBEFE86DFA6}.Ad-Hoc|iPhone.ActiveCfg = Release|Any CPU
		{E06F9DC2-F3D1-44FB-9B53-2CBEFE86DFA6}.Ad-Hoc|iPhone.Build.0 = Release|Any CPU
		{E06F9DC2-F3D1-44FB-9B53-2CBEFE86DFA6}.Ad-Hoc|iPhone.Deploy.0 = Release|Any CPU
		{E06F9DC2-F3D1-44FB-9B53-2CBEFE86DFA6}.Ad-Hoc|iPhoneSimulator.ActiveCfg = Release|Any CPU
		{E06F9DC2-F3D1-44FB-9B53-2CBEFE86DFA6}.Ad-Hoc|iPhoneSimulator.Build.0 = Release|Any CPU
		{E06F9DC2-F3D1-44FB-9B53-2CBEFE86DFA6}.Ad-Hoc|iPhoneSimulator.Deploy.0 = Release|Any CPU
		{E06F9DC2-F3D1-44FB-9B53-2CBEFE86DFA6}.Ad-Hoc|x64.ActiveCfg = Release|Any CPU
		{E06F9DC2-F3D1-44FB-9B53-2CBEFE86DFA6}.Ad-Hoc|x64.Build.0 = Release|Any CPU
		{E06F9DC2-F3D1-44FB-9B53-2CBEFE86DFA6}.Ad-Hoc|x64.Deploy.0 = Release|Any CPU
		{E06F9DC2-F3D1-44FB-9B53-2CBEFE86DFA6}.Ad-Hoc|x86.ActiveCfg = Release|x86
		{E06F9DC2-F3D1-44FB-9B53-2CBEFE86DFA6}.Ad-Hoc|x86.Build.0 = Release|x86
		{E06F9DC2-F3D1-44FB-9B53-2CBEFE86DFA6}.Ad-Hoc|x86.Deploy.0 = Release|x86
		{E06F9DC2-F3D1-44FB-9B53-2CBEFE86DFA6}.AppStore|Any CPU.ActiveCfg = Release|Any CPU
		{E06F9DC2-F3D1-44FB-9B53-2CBEFE86DFA6}.AppStore|Any CPU.Build.0 = Release|Any CPU
		{E06F9DC2-F3D1-44FB-9B53-2CBEFE86DFA6}.AppStore|Any CPU.Deploy.0 = Release|Any CPU
		{E06F9DC2-F3D1-44FB-9B53-2CBEFE86DFA6}.AppStore|ARM.ActiveCfg = Release|ARM
		{E06F9DC2-F3D1-44FB-9B53-2CBEFE86DFA6}.AppStore|ARM.Build.0 = Release|ARM
		{E06F9DC2-F3D1-44FB-9B53-2CBEFE86DFA6}.AppStore|ARM.Deploy.0 = Release|ARM
		{E06F9DC2-F3D1-44FB-9B53-2CBEFE86DFA6}.AppStore|iPhone.ActiveCfg = Release|Any CPU
		{E06F9DC2-F3D1-44FB-9B53-2CBEFE86DFA6}.AppStore|iPhone.Build.0 = Release|Any CPU
		{E06F9DC2-F3D1-44FB-9B53-2CBEFE86DFA6}.AppStore|iPhone.Deploy.0 = Release|Any CPU
		{E06F9DC2-F3D1-44FB-9B53-2CBEFE86DFA6}.AppStore|iPhoneSimulator.ActiveCfg = Release|Any CPU
		{E06F9DC2-F3D1-44FB-9B53-2CBEFE86DFA6}.AppStore|iPhoneSimulator.Build.0 = Release|Any CPU
		{E06F9DC2-F3D1-44FB-9B53-2CBEFE86DFA6}.AppStore|iPhoneSimulator.Deploy.0 = Release|Any CPU
		{E06F9DC2-F3D1-44FB-9B53-2CBEFE86DFA6}.AppStore|x64.ActiveCfg = Release|Any CPU
		{E06F9DC2-F3D1-44FB-9B53-2CBEFE86DFA6}.AppStore|x64.Build.0 = Release|Any CPU
		{E06F9DC2-F3D1-44FB-9B53-2CBEFE86DFA6}.AppStore|x64.Deploy.0 = Release|Any CPU
		{E06F9DC2-F3D1-44FB-9B53-2CBEFE86DFA6}.AppStore|x86.ActiveCfg = Release|x86
		{E06F9DC2-F3D1-44FB-9B53-2CBEFE86DFA6}.AppStore|x86.Build.0 = Release|x86
		{E06F9DC2-F3D1-44FB-9B53-2CBEFE86DFA6}.AppStore|x86.Deploy.0 = Release|x86
		{E06F9DC2-F3D1-44FB-9B53-2CBEFE86DFA6}.Debug|Any CPU.ActiveCfg = Debug|Any CPU
		{E06F9DC2-F3D1-44FB-9B53-2CBEFE86DFA6}.Debug|Any CPU.Build.0 = Debug|Any CPU
		{E06F9DC2-F3D1-44FB-9B53-2CBEFE86DFA6}.Debug|Any CPU.Deploy.0 = Debug|Any CPU
		{E06F9DC2-F3D1-44FB-9B53-2CBEFE86DFA6}.Debug|ARM.ActiveCfg = Debug|ARM
		{E06F9DC2-F3D1-44FB-9B53-2CBEFE86DFA6}.Debug|ARM.Build.0 = Debug|ARM
		{E06F9DC2-F3D1-44FB-9B53-2CBEFE86DFA6}.Debug|ARM.Deploy.0 = Debug|ARM
		{E06F9DC2-F3D1-44FB-9B53-2CBEFE86DFA6}.Debug|iPhone.ActiveCfg = Debug|Any CPU
		{E06F9DC2-F3D1-44FB-9B53-2CBEFE86DFA6}.Debug|iPhone.Build.0 = Debug|Any CPU
		{E06F9DC2-F3D1-44FB-9B53-2CBEFE86DFA6}.Debug|iPhone.Deploy.0 = Debug|Any CPU
		{E06F9DC2-F3D1-44FB-9B53-2CBEFE86DFA6}.Debug|iPhoneSimulator.ActiveCfg = Debug|Any CPU
		{E06F9DC2-F3D1-44FB-9B53-2CBEFE86DFA6}.Debug|iPhoneSimulator.Build.0 = Debug|Any CPU
		{E06F9DC2-F3D1-44FB-9B53-2CBEFE86DFA6}.Debug|iPhoneSimulator.Deploy.0 = Debug|Any CPU
		{E06F9DC2-F3D1-44FB-9B53-2CBEFE86DFA6}.Debug|x64.ActiveCfg = Debug|Any CPU
		{E06F9DC2-F3D1-44FB-9B53-2CBEFE86DFA6}.Debug|x64.Build.0 = Debug|Any CPU
		{E06F9DC2-F3D1-44FB-9B53-2CBEFE86DFA6}.Debug|x64.Deploy.0 = Debug|Any CPU
		{E06F9DC2-F3D1-44FB-9B53-2CBEFE86DFA6}.Debug|x86.ActiveCfg = Debug|x86
		{E06F9DC2-F3D1-44FB-9B53-2CBEFE86DFA6}.Debug|x86.Build.0 = Debug|x86
		{E06F9DC2-F3D1-44FB-9B53-2CBEFE86DFA6}.Debug|x86.Deploy.0 = Debug|x86
		{E06F9DC2-F3D1-44FB-9B53-2CBEFE86DFA6}.Release|Any CPU.ActiveCfg = Release|Any CPU
		{E06F9DC2-F3D1-44FB-9B53-2CBEFE86DFA6}.Release|Any CPU.Build.0 = Release|Any CPU
		{E06F9DC2-F3D1-44FB-9B53-2CBEFE86DFA6}.Release|Any CPU.Deploy.0 = Release|Any CPU
		{E06F9DC2-F3D1-44FB-9B53-2CBEFE86DFA6}.Release|ARM.ActiveCfg = Release|ARM
		{E06F9DC2-F3D1-44FB-9B53-2CBEFE86DFA6}.Release|ARM.Build.0 = Release|ARM
		{E06F9DC2-F3D1-44FB-9B53-2CBEFE86DFA6}.Release|ARM.Deploy.0 = Release|ARM
		{E06F9DC2-F3D1-44FB-9B53-2CBEFE86DFA6}.Release|iPhone.ActiveCfg = Release|Any CPU
		{E06F9DC2-F3D1-44FB-9B53-2CBEFE86DFA6}.Release|iPhone.Build.0 = Release|Any CPU
		{E06F9DC2-F3D1-44FB-9B53-2CBEFE86DFA6}.Release|iPhone.Deploy.0 = Release|Any CPU
		{E06F9DC2-F3D1-44FB-9B53-2CBEFE86DFA6}.Release|iPhoneSimulator.ActiveCfg = Release|Any CPU
		{E06F9DC2-F3D1-44FB-9B53-2CBEFE86DFA6}.Release|iPhoneSimulator.Build.0 = Release|Any CPU
		{E06F9DC2-F3D1-44FB-9B53-2CBEFE86DFA6}.Release|iPhoneSimulator.Deploy.0 = Release|Any CPU
		{E06F9DC2-F3D1-44FB-9B53-2CBEFE86DFA6}.Release|x64.ActiveCfg = Release|Any CPU
		{E06F9DC2-F3D1-44FB-9B53-2CBEFE86DFA6}.Release|x64.Build.0 = Release|Any CPU
		{E06F9DC2-F3D1-44FB-9B53-2CBEFE86DFA6}.Release|x64.Deploy.0 = Release|Any CPU
		{E06F9DC2-F3D1-44FB-9B53-2CBEFE86DFA6}.Release|x86.ActiveCfg = Release|x86
		{E06F9DC2-F3D1-44FB-9B53-2CBEFE86DFA6}.Release|x86.Build.0 = Release|x86
		{E06F9DC2-F3D1-44FB-9B53-2CBEFE86DFA6}.Release|x86.Deploy.0 = Release|x86
		{0E7192DF-6061-43A6-BD7E-141F33469A58}.Ad-Hoc|Any CPU.ActiveCfg = Release|x86
		{0E7192DF-6061-43A6-BD7E-141F33469A58}.Ad-Hoc|Any CPU.Build.0 = Release|x86
		{0E7192DF-6061-43A6-BD7E-141F33469A58}.Ad-Hoc|Any CPU.Deploy.0 = Release|x86
		{0E7192DF-6061-43A6-BD7E-141F33469A58}.Ad-Hoc|ARM.ActiveCfg = Release|ARM
		{0E7192DF-6061-43A6-BD7E-141F33469A58}.Ad-Hoc|ARM.Build.0 = Release|ARM
		{0E7192DF-6061-43A6-BD7E-141F33469A58}.Ad-Hoc|ARM.Deploy.0 = Release|ARM
		{0E7192DF-6061-43A6-BD7E-141F33469A58}.Ad-Hoc|iPhone.ActiveCfg = Release|x86
		{0E7192DF-6061-43A6-BD7E-141F33469A58}.Ad-Hoc|iPhone.Build.0 = Release|x86
		{0E7192DF-6061-43A6-BD7E-141F33469A58}.Ad-Hoc|iPhone.Deploy.0 = Release|x86
		{0E7192DF-6061-43A6-BD7E-141F33469A58}.Ad-Hoc|iPhoneSimulator.ActiveCfg = Release|x86
		{0E7192DF-6061-43A6-BD7E-141F33469A58}.Ad-Hoc|iPhoneSimulator.Build.0 = Release|x86
		{0E7192DF-6061-43A6-BD7E-141F33469A58}.Ad-Hoc|iPhoneSimulator.Deploy.0 = Release|x86
		{0E7192DF-6061-43A6-BD7E-141F33469A58}.Ad-Hoc|x64.ActiveCfg = Release|x64
		{0E7192DF-6061-43A6-BD7E-141F33469A58}.Ad-Hoc|x64.Build.0 = Release|x64
		{0E7192DF-6061-43A6-BD7E-141F33469A58}.Ad-Hoc|x64.Deploy.0 = Release|x64
		{0E7192DF-6061-43A6-BD7E-141F33469A58}.Ad-Hoc|x86.ActiveCfg = Release|x86
		{0E7192DF-6061-43A6-BD7E-141F33469A58}.Ad-Hoc|x86.Build.0 = Release|x86
		{0E7192DF-6061-43A6-BD7E-141F33469A58}.Ad-Hoc|x86.Deploy.0 = Release|x86
		{0E7192DF-6061-43A6-BD7E-141F33469A58}.AppStore|Any CPU.ActiveCfg = Release|x86
		{0E7192DF-6061-43A6-BD7E-141F33469A58}.AppStore|Any CPU.Build.0 = Release|x86
		{0E7192DF-6061-43A6-BD7E-141F33469A58}.AppStore|Any CPU.Deploy.0 = Release|x86
		{0E7192DF-6061-43A6-BD7E-141F33469A58}.AppStore|ARM.ActiveCfg = Release|ARM
		{0E7192DF-6061-43A6-BD7E-141F33469A58}.AppStore|ARM.Build.0 = Release|ARM
		{0E7192DF-6061-43A6-BD7E-141F33469A58}.AppStore|ARM.Deploy.0 = Release|ARM
		{0E7192DF-6061-43A6-BD7E-141F33469A58}.AppStore|iPhone.ActiveCfg = Release|x86
		{0E7192DF-6061-43A6-BD7E-141F33469A58}.AppStore|iPhone.Build.0 = Release|x86
		{0E7192DF-6061-43A6-BD7E-141F33469A58}.AppStore|iPhone.Deploy.0 = Release|x86
		{0E7192DF-6061-43A6-BD7E-141F33469A58}.AppStore|iPhoneSimulator.ActiveCfg = Release|x86
		{0E7192DF-6061-43A6-BD7E-141F33469A58}.AppStore|iPhoneSimulator.Build.0 = Release|x86
		{0E7192DF-6061-43A6-BD7E-141F33469A58}.AppStore|iPhoneSimulator.Deploy.0 = Release|x86
		{0E7192DF-6061-43A6-BD7E-141F33469A58}.AppStore|x64.ActiveCfg = Release|x64
		{0E7192DF-6061-43A6-BD7E-141F33469A58}.AppStore|x64.Build.0 = Release|x64
		{0E7192DF-6061-43A6-BD7E-141F33469A58}.AppStore|x64.Deploy.0 = Release|x64
		{0E7192DF-6061-43A6-BD7E-141F33469A58}.AppStore|x86.ActiveCfg = Release|x86
		{0E7192DF-6061-43A6-BD7E-141F33469A58}.AppStore|x86.Build.0 = Release|x86
		{0E7192DF-6061-43A6-BD7E-141F33469A58}.AppStore|x86.Deploy.0 = Release|x86
		{0E7192DF-6061-43A6-BD7E-141F33469A58}.Debug|Any CPU.ActiveCfg = Debug|x86
		{0E7192DF-6061-43A6-BD7E-141F33469A58}.Debug|ARM.ActiveCfg = Debug|ARM
		{0E7192DF-6061-43A6-BD7E-141F33469A58}.Debug|ARM.Build.0 = Debug|ARM
		{0E7192DF-6061-43A6-BD7E-141F33469A58}.Debug|ARM.Deploy.0 = Debug|ARM
		{0E7192DF-6061-43A6-BD7E-141F33469A58}.Debug|iPhone.ActiveCfg = Debug|x86
		{0E7192DF-6061-43A6-BD7E-141F33469A58}.Debug|iPhoneSimulator.ActiveCfg = Debug|x86
		{0E7192DF-6061-43A6-BD7E-141F33469A58}.Debug|x64.ActiveCfg = Debug|x64
		{0E7192DF-6061-43A6-BD7E-141F33469A58}.Debug|x64.Build.0 = Debug|x64
		{0E7192DF-6061-43A6-BD7E-141F33469A58}.Debug|x64.Deploy.0 = Debug|x64
		{0E7192DF-6061-43A6-BD7E-141F33469A58}.Debug|x86.ActiveCfg = Debug|x86
		{0E7192DF-6061-43A6-BD7E-141F33469A58}.Debug|x86.Build.0 = Debug|x86
		{0E7192DF-6061-43A6-BD7E-141F33469A58}.Debug|x86.Deploy.0 = Debug|x86
		{0E7192DF-6061-43A6-BD7E-141F33469A58}.Release|Any CPU.ActiveCfg = Release|x86
		{0E7192DF-6061-43A6-BD7E-141F33469A58}.Release|ARM.ActiveCfg = Release|ARM
		{0E7192DF-6061-43A6-BD7E-141F33469A58}.Release|ARM.Build.0 = Release|ARM
		{0E7192DF-6061-43A6-BD7E-141F33469A58}.Release|ARM.Deploy.0 = Release|ARM
		{0E7192DF-6061-43A6-BD7E-141F33469A58}.Release|iPhone.ActiveCfg = Release|x86
		{0E7192DF-6061-43A6-BD7E-141F33469A58}.Release|iPhoneSimulator.ActiveCfg = Release|x86
		{0E7192DF-6061-43A6-BD7E-141F33469A58}.Release|x64.ActiveCfg = Release|x64
		{0E7192DF-6061-43A6-BD7E-141F33469A58}.Release|x64.Build.0 = Release|x64
		{0E7192DF-6061-43A6-BD7E-141F33469A58}.Release|x64.Deploy.0 = Release|x64
		{0E7192DF-6061-43A6-BD7E-141F33469A58}.Release|x86.ActiveCfg = Release|x86
		{0E7192DF-6061-43A6-BD7E-141F33469A58}.Release|x86.Build.0 = Release|x86
		{0E7192DF-6061-43A6-BD7E-141F33469A58}.Release|x86.Deploy.0 = Release|x86
		{4F26262C-C9B3-466F-B92D-AE215143ADEE}.Ad-Hoc|Any CPU.ActiveCfg = Release|Any CPU
		{4F26262C-C9B3-466F-B92D-AE215143ADEE}.Ad-Hoc|Any CPU.Build.0 = Release|Any CPU
		{4F26262C-C9B3-466F-B92D-AE215143ADEE}.Ad-Hoc|Any CPU.Deploy.0 = Release|Any CPU
		{4F26262C-C9B3-466F-B92D-AE215143ADEE}.Ad-Hoc|ARM.ActiveCfg = Release|ARM
		{4F26262C-C9B3-466F-B92D-AE215143ADEE}.Ad-Hoc|ARM.Build.0 = Release|ARM
		{4F26262C-C9B3-466F-B92D-AE215143ADEE}.Ad-Hoc|ARM.Deploy.0 = Release|ARM
		{4F26262C-C9B3-466F-B92D-AE215143ADEE}.Ad-Hoc|iPhone.ActiveCfg = Release|Any CPU
		{4F26262C-C9B3-466F-B92D-AE215143ADEE}.Ad-Hoc|iPhone.Build.0 = Release|Any CPU
		{4F26262C-C9B3-466F-B92D-AE215143ADEE}.Ad-Hoc|iPhone.Deploy.0 = Release|Any CPU
		{4F26262C-C9B3-466F-B92D-AE215143ADEE}.Ad-Hoc|iPhoneSimulator.ActiveCfg = Release|Any CPU
		{4F26262C-C9B3-466F-B92D-AE215143ADEE}.Ad-Hoc|iPhoneSimulator.Build.0 = Release|Any CPU
		{4F26262C-C9B3-466F-B92D-AE215143ADEE}.Ad-Hoc|iPhoneSimulator.Deploy.0 = Release|Any CPU
		{4F26262C-C9B3-466F-B92D-AE215143ADEE}.Ad-Hoc|x64.ActiveCfg = Release|x64
		{4F26262C-C9B3-466F-B92D-AE215143ADEE}.Ad-Hoc|x64.Build.0 = Release|x64
		{4F26262C-C9B3-466F-B92D-AE215143ADEE}.Ad-Hoc|x64.Deploy.0 = Release|x64
		{4F26262C-C9B3-466F-B92D-AE215143ADEE}.Ad-Hoc|x86.ActiveCfg = Release|x86
		{4F26262C-C9B3-466F-B92D-AE215143ADEE}.Ad-Hoc|x86.Build.0 = Release|x86
		{4F26262C-C9B3-466F-B92D-AE215143ADEE}.Ad-Hoc|x86.Deploy.0 = Release|x86
		{4F26262C-C9B3-466F-B92D-AE215143ADEE}.AppStore|Any CPU.ActiveCfg = Release|Any CPU
		{4F26262C-C9B3-466F-B92D-AE215143ADEE}.AppStore|Any CPU.Build.0 = Release|Any CPU
		{4F26262C-C9B3-466F-B92D-AE215143ADEE}.AppStore|Any CPU.Deploy.0 = Release|Any CPU
		{4F26262C-C9B3-466F-B92D-AE215143ADEE}.AppStore|ARM.ActiveCfg = Release|ARM
		{4F26262C-C9B3-466F-B92D-AE215143ADEE}.AppStore|ARM.Build.0 = Release|ARM
		{4F26262C-C9B3-466F-B92D-AE215143ADEE}.AppStore|ARM.Deploy.0 = Release|ARM
		{4F26262C-C9B3-466F-B92D-AE215143ADEE}.AppStore|iPhone.ActiveCfg = Release|Any CPU
		{4F26262C-C9B3-466F-B92D-AE215143ADEE}.AppStore|iPhone.Build.0 = Release|Any CPU
		{4F26262C-C9B3-466F-B92D-AE215143ADEE}.AppStore|iPhone.Deploy.0 = Release|Any CPU
		{4F26262C-C9B3-466F-B92D-AE215143ADEE}.AppStore|iPhoneSimulator.ActiveCfg = Release|Any CPU
		{4F26262C-C9B3-466F-B92D-AE215143ADEE}.AppStore|iPhoneSimulator.Build.0 = Release|Any CPU
		{4F26262C-C9B3-466F-B92D-AE215143ADEE}.AppStore|iPhoneSimulator.Deploy.0 = Release|Any CPU
		{4F26262C-C9B3-466F-B92D-AE215143ADEE}.AppStore|x64.ActiveCfg = Release|x64
		{4F26262C-C9B3-466F-B92D-AE215143ADEE}.AppStore|x64.Build.0 = Release|x64
		{4F26262C-C9B3-466F-B92D-AE215143ADEE}.AppStore|x64.Deploy.0 = Release|x64
		{4F26262C-C9B3-466F-B92D-AE215143ADEE}.AppStore|x86.ActiveCfg = Release|x86
		{4F26262C-C9B3-466F-B92D-AE215143ADEE}.AppStore|x86.Build.0 = Release|x86
		{4F26262C-C9B3-466F-B92D-AE215143ADEE}.AppStore|x86.Deploy.0 = Release|x86
		{4F26262C-C9B3-466F-B92D-AE215143ADEE}.Debug|Any CPU.ActiveCfg = Debug|Any CPU
		{4F26262C-C9B3-466F-B92D-AE215143ADEE}.Debug|Any CPU.Build.0 = Debug|Any CPU
		{4F26262C-C9B3-466F-B92D-AE215143ADEE}.Debug|Any CPU.Deploy.0 = Debug|Any CPU
		{4F26262C-C9B3-466F-B92D-AE215143ADEE}.Debug|ARM.ActiveCfg = Debug|ARM
		{4F26262C-C9B3-466F-B92D-AE215143ADEE}.Debug|ARM.Build.0 = Debug|ARM
		{4F26262C-C9B3-466F-B92D-AE215143ADEE}.Debug|ARM.Deploy.0 = Debug|ARM
		{4F26262C-C9B3-466F-B92D-AE215143ADEE}.Debug|iPhone.ActiveCfg = Debug|Any CPU
		{4F26262C-C9B3-466F-B92D-AE215143ADEE}.Debug|iPhone.Build.0 = Debug|Any CPU
		{4F26262C-C9B3-466F-B92D-AE215143ADEE}.Debug|iPhone.Deploy.0 = Debug|Any CPU
		{4F26262C-C9B3-466F-B92D-AE215143ADEE}.Debug|iPhoneSimulator.ActiveCfg = Debug|Any CPU
		{4F26262C-C9B3-466F-B92D-AE215143ADEE}.Debug|iPhoneSimulator.Build.0 = Debug|Any CPU
		{4F26262C-C9B3-466F-B92D-AE215143ADEE}.Debug|iPhoneSimulator.Deploy.0 = Debug|Any CPU
		{4F26262C-C9B3-466F-B92D-AE215143ADEE}.Debug|x64.ActiveCfg = Debug|x64
		{4F26262C-C9B3-466F-B92D-AE215143ADEE}.Debug|x64.Build.0 = Debug|x64
		{4F26262C-C9B3-466F-B92D-AE215143ADEE}.Debug|x64.Deploy.0 = Debug|x64
		{4F26262C-C9B3-466F-B92D-AE215143ADEE}.Debug|x86.ActiveCfg = Debug|x86
		{4F26262C-C9B3-466F-B92D-AE215143ADEE}.Debug|x86.Build.0 = Debug|x86
		{4F26262C-C9B3-466F-B92D-AE215143ADEE}.Debug|x86.Deploy.0 = Debug|x86
		{4F26262C-C9B3-466F-B92D-AE215143ADEE}.Release|Any CPU.ActiveCfg = Release|Any CPU
		{4F26262C-C9B3-466F-B92D-AE215143ADEE}.Release|Any CPU.Build.0 = Release|Any CPU
		{4F26262C-C9B3-466F-B92D-AE215143ADEE}.Release|Any CPU.Deploy.0 = Release|Any CPU
		{4F26262C-C9B3-466F-B92D-AE215143ADEE}.Release|ARM.ActiveCfg = Release|ARM
		{4F26262C-C9B3-466F-B92D-AE215143ADEE}.Release|ARM.Build.0 = Release|ARM
		{4F26262C-C9B3-466F-B92D-AE215143ADEE}.Release|ARM.Deploy.0 = Release|ARM
		{4F26262C-C9B3-466F-B92D-AE215143ADEE}.Release|iPhone.ActiveCfg = Release|Any CPU
		{4F26262C-C9B3-466F-B92D-AE215143ADEE}.Release|iPhone.Build.0 = Release|Any CPU
		{4F26262C-C9B3-466F-B92D-AE215143ADEE}.Release|iPhone.Deploy.0 = Release|Any CPU
		{4F26262C-C9B3-466F-B92D-AE215143ADEE}.Release|iPhoneSimulator.ActiveCfg = Release|Any CPU
		{4F26262C-C9B3-466F-B92D-AE215143ADEE}.Release|iPhoneSimulator.Build.0 = Release|Any CPU
		{4F26262C-C9B3-466F-B92D-AE215143ADEE}.Release|iPhoneSimulator.Deploy.0 = Release|Any CPU
		{4F26262C-C9B3-466F-B92D-AE215143ADEE}.Release|x64.ActiveCfg = Release|x64
		{4F26262C-C9B3-466F-B92D-AE215143ADEE}.Release|x64.Build.0 = Release|x64
		{4F26262C-C9B3-466F-B92D-AE215143ADEE}.Release|x64.Deploy.0 = Release|x64
		{4F26262C-C9B3-466F-B92D-AE215143ADEE}.Release|x86.ActiveCfg = Release|x86
		{4F26262C-C9B3-466F-B92D-AE215143ADEE}.Release|x86.Build.0 = Release|x86
		{4F26262C-C9B3-466F-B92D-AE215143ADEE}.Release|x86.Deploy.0 = Release|x86
	EndGlobalSection
	GlobalSection(SolutionProperties) = preSolution
		HideSolutionNode = FALSE
	EndGlobalSection
EndGlobal
